// !$*UTF8*$!
{
	archiveVersion = 1;
	classes = {
	};
	objectVersion = 50;
	objects = {

/* Begin PBXBuildFile section */
		038EB38A6A952FBA69123D31 /* Pods_trainTimeApp.framework in Frameworks */ = {isa = PBXBuildFile; fileRef = B5D70EF4BF4E786EDFCFBBDE /* Pods_trainTimeApp.framework */; };
		432CBE02220BFB490064D2CA /* AppDelegate.swift in Sources */ = {isa = PBXBuildFile; fileRef = 432CBE01220BFB490064D2CA /* AppDelegate.swift */; };
		432CBE07220BFB490064D2CA /* Main.storyboard in Resources */ = {isa = PBXBuildFile; fileRef = 432CBE05220BFB490064D2CA /* Main.storyboard */; };
		432CBE09220BFB4B0064D2CA /* Assets.xcassets in Resources */ = {isa = PBXBuildFile; fileRef = 432CBE08220BFB4B0064D2CA /* Assets.xcassets */; };
		432CBE0C220BFB4B0064D2CA /* LaunchScreen.storyboard in Resources */ = {isa = PBXBuildFile; fileRef = 432CBE0A220BFB4B0064D2CA /* LaunchScreen.storyboard */; };
		432CBE14220BFE8F0064D2CA /* FirstViewController.swift in Sources */ = {isa = PBXBuildFile; fileRef = 432CBE13220BFE8F0064D2CA /* FirstViewController.swift */; };
		432CBE17220C07F20064D2CA /* httpMeghod.swift in Sources */ = {isa = PBXBuildFile; fileRef = 432CBE16220C07F20064D2CA /* httpMeghod.swift */; };
		432CBE19220C08B70064D2CA /* SecondViewController.swift in Sources */ = {isa = PBXBuildFile; fileRef = 432CBE18220C08B70064D2CA /* SecondViewController.swift */; };
		432CBE1B220C09840064D2CA /* UpperViewController.swift in Sources */ = {isa = PBXBuildFile; fileRef = 432CBE1A220C09840064D2CA /* UpperViewController.swift */; };
		432CBE1D220C11020064D2CA /* THSRInfo.swift in Sources */ = {isa = PBXBuildFile; fileRef = 432CBE1C220C11020064D2CA /* THSRInfo.swift */; };
		432CBE1F220C12360064D2CA /* UpperTableViewController.swift in Sources */ = {isa = PBXBuildFile; fileRef = 432CBE1E220C12360064D2CA /* UpperTableViewController.swift */; };
		432CBE21220C125C0064D2CA /* UpperTableViewCell.swift in Sources */ = {isa = PBXBuildFile; fileRef = 432CBE20220C125C0064D2CA /* UpperTableViewCell.swift */; };
		432CBE24220C333F0064D2CA /* LowerViewController.swift in Sources */ = {isa = PBXBuildFile; fileRef = 432CBE23220C333F0064D2CA /* LowerViewController.swift */; };
		432CBE27220C33620064D2CA /* LowerTableViewController.swift in Sources */ = {isa = PBXBuildFile; fileRef = 432CBE26220C33620064D2CA /* LowerTableViewController.swift */; };
		432CBE29220C33B80064D2CA /* LowerTableViewCell.swift in Sources */ = {isa = PBXBuildFile; fileRef = 432CBE28220C33B80064D2CA /* LowerTableViewCell.swift */; };
		432CBE34220D7C100064D2CA /* DetailViewController.swift in Sources */ = {isa = PBXBuildFile; fileRef = 432CBE2E220D72000064D2CA /* DetailViewController.swift */; };
		432CBE37220D7CD40064D2CA /* DetailViewCell.swift in Sources */ = {isa = PBXBuildFile; fileRef = 432CBE36220D7CD40064D2CA /* DetailViewCell.swift */; };
/* End PBXBuildFile section */

/* Begin PBXFileReference section */
		432CBDFE220BFB490064D2CA /* trainTimeApp.app */ = {isa = PBXFileReference; explicitFileType = wrapper.application; includeInIndex = 0; path = trainTimeApp.app; sourceTree = BUILT_PRODUCTS_DIR; };
		432CBE01220BFB490064D2CA /* AppDelegate.swift */ = {isa = PBXFileReference; lastKnownFileType = sourcecode.swift; path = AppDelegate.swift; sourceTree = "<group>"; };
		432CBE06220BFB490064D2CA /* Base */ = {isa = PBXFileReference; lastKnownFileType = file.storyboard; name = Base; path = Base.lproj/Main.storyboard; sourceTree = "<group>"; };
		432CBE08220BFB4B0064D2CA /* Assets.xcassets */ = {isa = PBXFileReference; lastKnownFileType = folder.assetcatalog; path = Assets.xcassets; sourceTree = "<group>"; };
		432CBE0B220BFB4B0064D2CA /* Base */ = {isa = PBXFileReference; lastKnownFileType = file.storyboard; name = Base; path = Base.lproj/LaunchScreen.storyboard; sourceTree = "<group>"; };
		432CBE0D220BFB4B0064D2CA /* Info.plist */ = {isa = PBXFileReference; lastKnownFileType = text.plist.xml; path = Info.plist; sourceTree = "<group>"; };
		432CBE13220BFE8F0064D2CA /* FirstViewController.swift */ = {isa = PBXFileReference; lastKnownFileType = sourcecode.swift; path = FirstViewController.swift; sourceTree = "<group>"; };
		432CBE16220C07F20064D2CA /* httpMeghod.swift */ = {isa = PBXFileReference; lastKnownFileType = sourcecode.swift; path = httpMeghod.swift; sourceTree = "<group>"; };
		432CBE18220C08B70064D2CA /* SecondViewController.swift */ = {isa = PBXFileReference; lastKnownFileType = sourcecode.swift; path = SecondViewController.swift; sourceTree = "<group>"; };
		432CBE1A220C09840064D2CA /* UpperViewController.swift */ = {isa = PBXFileReference; lastKnownFileType = sourcecode.swift; path = UpperViewController.swift; sourceTree = "<group>"; };
		432CBE1C220C11020064D2CA /* THSRInfo.swift */ = {isa = PBXFileReference; lastKnownFileType = sourcecode.swift; path = THSRInfo.swift; sourceTree = "<group>"; };
		432CBE1E220C12360064D2CA /* UpperTableViewController.swift */ = {isa = PBXFileReference; lastKnownFileType = sourcecode.swift; path = UpperTableViewController.swift; sourceTree = "<group>"; };
		432CBE20220C125C0064D2CA /* UpperTableViewCell.swift */ = {isa = PBXFileReference; lastKnownFileType = sourcecode.swift; path = UpperTableViewCell.swift; sourceTree = "<group>"; };
		432CBE23220C333F0064D2CA /* LowerViewController.swift */ = {isa = PBXFileReference; lastKnownFileType = sourcecode.swift; path = LowerViewController.swift; sourceTree = "<group>"; };
		432CBE26220C33620064D2CA /* LowerTableViewController.swift */ = {isa = PBXFileReference; lastKnownFileType = sourcecode.swift; path = LowerTableViewController.swift; sourceTree = "<group>"; };
		432CBE28220C33B80064D2CA /* LowerTableViewCell.swift */ = {isa = PBXFileReference; lastKnownFileType = sourcecode.swift; path = LowerTableViewCell.swift; sourceTree = "<group>"; };
		432CBE2E220D72000064D2CA /* DetailViewController.swift */ = {isa = PBXFileReference; lastKnownFileType = sourcecode.swift; path = DetailViewController.swift; sourceTree = "<group>"; };
		432CBE36220D7CD40064D2CA /* DetailViewCell.swift */ = {isa = PBXFileReference; lastKnownFileType = sourcecode.swift; path = DetailViewCell.swift; sourceTree = "<group>"; };
		B5D70EF4BF4E786EDFCFBBDE /* Pods_trainTimeApp.framework */ = {isa = PBXFileReference; explicitFileType = wrapper.framework; includeInIndex = 0; path = Pods_trainTimeApp.framework; sourceTree = BUILT_PRODUCTS_DIR; };
		DE768B09EB0FF5A333FD5B57 /* Pods-trainTimeApp.debug.xcconfig */ = {isa = PBXFileReference; includeInIndex = 1; lastKnownFileType = text.xcconfig; name = "Pods-trainTimeApp.debug.xcconfig"; path = "Pods/Target Support Files/Pods-trainTimeApp/Pods-trainTimeApp.debug.xcconfig"; sourceTree = "<group>"; };
		F94A977C95F7FC3480841DC9 /* Pods-trainTimeApp.release.xcconfig */ = {isa = PBXFileReference; includeInIndex = 1; lastKnownFileType = text.xcconfig; name = "Pods-trainTimeApp.release.xcconfig"; path = "Pods/Target Support Files/Pods-trainTimeApp/Pods-trainTimeApp.release.xcconfig"; sourceTree = "<group>"; };
/* End PBXFileReference section */

/* Begin PBXFrameworksBuildPhase section */
		432CBDFB220BFB490064D2CA /* Frameworks */ = {
			isa = PBXFrameworksBuildPhase;
			buildActionMask = 2147483647;
			files = (
				038EB38A6A952FBA69123D31 /* Pods_trainTimeApp.framework in Frameworks */,
			);
			runOnlyForDeploymentPostprocessing = 0;
		};
/* End PBXFrameworksBuildPhase section */

/* Begin PBXGroup section */
		04242F9C09AC04A87A6A21A6 /* Pods */ = {
			isa = PBXGroup;
			children = (
				DE768B09EB0FF5A333FD5B57 /* Pods-trainTimeApp.debug.xcconfig */,
				F94A977C95F7FC3480841DC9 /* Pods-trainTimeApp.release.xcconfig */,
			);
			name = Pods;
			sourceTree = "<group>";
		};
		432CBDF5220BFB480064D2CA = {
			isa = PBXGroup;
			children = (
				432CBE00220BFB490064D2CA /* trainTimeApp */,
				432CBDFF220BFB490064D2CA /* Products */,
				04242F9C09AC04A87A6A21A6 /* Pods */,
				A3DA339558D283B65E468BB9 /* Frameworks */,
			);
			sourceTree = "<group>";
		};
		432CBDFF220BFB490064D2CA /* Products */ = {
			isa = PBXGroup;
			children = (
				432CBDFE220BFB490064D2CA /* trainTimeApp.app */,
			);
			name = Products;
			sourceTree = "<group>";
		};
		432CBE00220BFB490064D2CA /* trainTimeApp */ = {
			isa = PBXGroup;
			children = (
				432CBE16220C07F20064D2CA /* httpMeghod.swift */,
				432CBE01220BFB490064D2CA /* AppDelegate.swift */,
				432CBE15220BFEAB0064D2CA /* VC */,
				432CBE05220BFB490064D2CA /* Main.storyboard */,
				432CBE08220BFB4B0064D2CA /* Assets.xcassets */,
				432CBE0A220BFB4B0064D2CA /* LaunchScreen.storyboard */,
				432CBE0D220BFB4B0064D2CA /* Info.plist */,
			);
			path = trainTimeApp;
			sourceTree = "<group>";
		};
		432CBE15220BFEAB0064D2CA /* VC */ = {
			isa = PBXGroup;
			children = (
				432CBE13220BFE8F0064D2CA /* FirstViewController.swift */,
				432CBE18220C08B70064D2CA /* SecondViewController.swift */,
				432CBE2E220D72000064D2CA /* DetailViewController.swift */,
				432CBE36220D7CD40064D2CA /* DetailViewCell.swift */,
				432CBE22220C12660064D2CA /* Upper */,
				432CBE25220C33430064D2CA /* Lower */,
			);
			path = VC;
			sourceTree = "<group>";
		};
		432CBE22220C12660064D2CA /* Upper */ = {
			isa = PBXGroup;
			children = (
				432CBE1A220C09840064D2CA /* UpperViewController.swift */,
				432CBE1E220C12360064D2CA /* UpperTableViewController.swift */,
				432CBE20220C125C0064D2CA /* UpperTableViewCell.swift */,
				432CBE1C220C11020064D2CA /* THSRInfo.swift */,
			);
			path = Upper;
			sourceTree = "<group>";
		};
		432CBE25220C33430064D2CA /* Lower */ = {
			isa = PBXGroup;
			children = (
				432CBE23220C333F0064D2CA /* LowerViewController.swift */,
				432CBE26220C33620064D2CA /* LowerTableViewController.swift */,
				432CBE28220C33B80064D2CA /* LowerTableViewCell.swift */,
			);
			path = Lower;
			sourceTree = "<group>";
		};
		A3DA339558D283B65E468BB9 /* Frameworks */ = {
			isa = PBXGroup;
			children = (
				B5D70EF4BF4E786EDFCFBBDE /* Pods_trainTimeApp.framework */,
			);
			name = Frameworks;
			sourceTree = "<group>";
		};
/* End PBXGroup section */

/* Begin PBXNativeTarget section */
		432CBDFD220BFB490064D2CA /* trainTimeApp */ = {
			isa = PBXNativeTarget;
			buildConfigurationList = 432CBE10220BFB4B0064D2CA /* Build configuration list for PBXNativeTarget "trainTimeApp" */;
			buildPhases = (
				87E1B439B55A78D65D984868 /* [CP] Check Pods Manifest.lock */,
				432CBDFA220BFB490064D2CA /* Sources */,
				432CBDFB220BFB490064D2CA /* Frameworks */,
				432CBDFC220BFB490064D2CA /* Resources */,
				77896004EE762D10823C9A8D /* [CP] Embed Pods Frameworks */,
			);
			buildRules = (
			);
			dependencies = (
			);
			name = trainTimeApp;
			productName = trainTimeApp;
			productReference = 432CBDFE220BFB490064D2CA /* trainTimeApp.app */;
			productType = "com.apple.product-type.application";
		};
/* End PBXNativeTarget section */

/* Begin PBXProject section */
		432CBDF6220BFB480064D2CA /* Project object */ = {
			isa = PBXProject;
			attributes = {
				LastSwiftUpdateCheck = 1010;
				LastUpgradeCheck = 1010;
				ORGANIZATIONNAME = JayChung;
				TargetAttributes = {
					432CBDFD220BFB490064D2CA = {
						CreatedOnToolsVersion = 10.1;
					};
				};
			};
			buildConfigurationList = 432CBDF9220BFB480064D2CA /* Build configuration list for PBXProject "trainTimeApp" */;
			compatibilityVersion = "Xcode 9.3";
			developmentRegion = en;
			hasScannedForEncodings = 0;
			knownRegions = (
				en,
				Base,
			);
			mainGroup = 432CBDF5220BFB480064D2CA;
			productRefGroup = 432CBDFF220BFB490064D2CA /* Products */;
			projectDirPath = "";
			projectRoot = "";
			targets = (
				432CBDFD220BFB490064D2CA /* trainTimeApp */,
			);
		};
/* End PBXProject section */

/* Begin PBXResourcesBuildPhase section */
		432CBDFC220BFB490064D2CA /* Resources */ = {
			isa = PBXResourcesBuildPhase;
			buildActionMask = 2147483647;
			files = (
				432CBE0C220BFB4B0064D2CA /* LaunchScreen.storyboard in Resources */,
				432CBE09220BFB4B0064D2CA /* Assets.xcassets in Resources */,
				432CBE07220BFB490064D2CA /* Main.storyboard in Resources */,
			);
			runOnlyForDeploymentPostprocessing = 0;
		};
/* End PBXResourcesBuildPhase section */

/* Begin PBXShellScriptBuildPhase section */
		77896004EE762D10823C9A8D /* [CP] Embed Pods Frameworks */ = {
			isa = PBXShellScriptBuildPhase;
			buildActionMask = 2147483647;
			files = (
			);
			inputFileListPaths = (
			);
			inputPaths = (
				"${SRCROOT}/Pods/Target Support Files/Pods-trainTimeApp/Pods-trainTimeApp-frameworks.sh",
				"${BUILT_PRODUCTS_DIR}/Alamofire/Alamofire.framework",
				"${BUILT_PRODUCTS_DIR}/SwiftyJSON/SwiftyJSON.framework",
			);
			name = "[CP] Embed Pods Frameworks";
			outputFileListPaths = (
			);
			outputPaths = (
				"${TARGET_BUILD_DIR}/${FRAMEWORKS_FOLDER_PATH}/Alamofire.framework",
				"${TARGET_BUILD_DIR}/${FRAMEWORKS_FOLDER_PATH}/SwiftyJSON.framework",
			);
			runOnlyForDeploymentPostprocessing = 0;
			shellPath = /bin/sh;
			shellScript = "\"${SRCROOT}/Pods/Target Support Files/Pods-trainTimeApp/Pods-trainTimeApp-frameworks.sh\"\n";
			showEnvVarsInLog = 0;
		};
		87E1B439B55A78D65D984868 /* [CP] Check Pods Manifest.lock */ = {
			isa = PBXShellScriptBuildPhase;
			buildActionMask = 2147483647;
			files = (
			);
			inputFileListPaths = (
			);
			inputPaths = (
				"${PODS_PODFILE_DIR_PATH}/Podfile.lock",
				"${PODS_ROOT}/Manifest.lock",
			);
			name = "[CP] Check Pods Manifest.lock";
			outputFileListPaths = (
			);
			outputPaths = (
				"$(DERIVED_FILE_DIR)/Pods-trainTimeApp-checkManifestLockResult.txt",
			);
			runOnlyForDeploymentPostprocessing = 0;
			shellPath = /bin/sh;
			shellScript = "diff \"${PODS_PODFILE_DIR_PATH}/Podfile.lock\" \"${PODS_ROOT}/Manifest.lock\" > /dev/null\nif [ $? != 0 ] ; then\n    # print error to STDERR\n    echo \"error: The sandbox is not in sync with the Podfile.lock. Run 'pod install' or update your CocoaPods installation.\" >&2\n    exit 1\nfi\n# This output is used by Xcode 'outputs' to avoid re-running this script phase.\necho \"SUCCESS\" > \"${SCRIPT_OUTPUT_FILE_0}\"\n";
			showEnvVarsInLog = 0;
		};
/* End PBXShellScriptBuildPhase section */

/* Begin PBXSourcesBuildPhase section */
		432CBDFA220BFB490064D2CA /* Sources */ = {
			isa = PBXSourcesBuildPhase;
			buildActionMask = 2147483647;
			files = (
				432CBE34220D7C100064D2CA /* DetailViewController.swift in Sources */,
				432CBE1F220C12360064D2CA /* UpperTableViewController.swift in Sources */,
				432CBE19220C08B70064D2CA /* SecondViewController.swift in Sources */,
				432CBE24220C333F0064D2CA /* LowerViewController.swift in Sources */,
				432CBE27220C33620064D2CA /* LowerTableViewController.swift in Sources */,
				432CBE21220C125C0064D2CA /* UpperTableViewCell.swift in Sources */,
				432CBE02220BFB490064D2CA /* AppDelegate.swift in Sources */,
				432CBE1D220C11020064D2CA /* THSRInfo.swift in Sources */,
				432CBE14220BFE8F0064D2CA /* FirstViewController.swift in Sources */,
				432CBE1B220C09840064D2CA /* UpperViewController.swift in Sources */,
				432CBE29220C33B80064D2CA /* LowerTableViewCell.swift in Sources */,
				432CBE17220C07F20064D2CA /* httpMeghod.swift in Sources */,
				432CBE37220D7CD40064D2CA /* DetailViewCell.swift in Sources */,
			);
			runOnlyForDeploymentPostprocessing = 0;
		};
/* End PBXSourcesBuildPhase section */

/* Begin PBXVariantGroup section */
		432CBE05220BFB490064D2CA /* Main.storyboard */ = {
			isa = PBXVariantGroup;
			children = (
				432CBE06220BFB490064D2CA /* Base */,
			);
			name = Main.storyboard;
			sourceTree = "<group>";
		};
		432CBE0A220BFB4B0064D2CA /* LaunchScreen.storyboard */ = {
			isa = PBXVariantGroup;
			children = (
				432CBE0B220BFB4B0064D2CA /* Base */,
			);
			name = LaunchScreen.storyboard;
			sourceTree = "<group>";
		};
/* End PBXVariantGroup section */

/* Begin XCBuildConfiguration section */
		432CBE0E220BFB4B0064D2CA /* Debug */ = {
			isa = XCBuildConfiguration;
			buildSettings = {
				ALWAYS_SEARCH_USER_PATHS = NO;
				CLANG_ANALYZER_NONNULL = YES;
				CLANG_ANALYZER_NUMBER_OBJECT_CONVERSION = YES_AGGRESSIVE;
				CLANG_CXX_LANGUAGE_STANDARD = "gnu++14";
				CLANG_CXX_LIBRARY = "libc++";
				CLANG_ENABLE_MODULES = YES;
				CLANG_ENABLE_OBJC_ARC = YES;
				CLANG_ENABLE_OBJC_WEAK = YES;
				CLANG_WARN_BLOCK_CAPTURE_AUTORELEASING = YES;
				CLANG_WARN_BOOL_CONVERSION = YES;
				CLANG_WARN_COMMA = YES;
				CLANG_WARN_CONSTANT_CONVERSION = YES;
				CLANG_WARN_DEPRECATED_OBJC_IMPLEMENTATIONS = YES;
				CLANG_WARN_DIRECT_OBJC_ISA_USAGE = YES_ERROR;
				CLANG_WARN_DOCUMENTATION_COMMENTS = YES;
				CLANG_WARN_EMPTY_BODY = YES;
				CLANG_WARN_ENUM_CONVERSION = YES;
				CLANG_WARN_INFINITE_RECURSION = YES;
				CLANG_WARN_INT_CONVERSION = YES;
				CLANG_WARN_NON_LITERAL_NULL_CONVERSION = YES;
				CLANG_WARN_OBJC_IMPLICIT_RETAIN_SELF = YES;
				CLANG_WARN_OBJC_LITERAL_CONVERSION = YES;
				CLANG_WARN_OBJC_ROOT_CLASS = YES_ERROR;
				CLANG_WARN_RANGE_LOOP_ANALYSIS = YES;
				CLANG_WARN_STRICT_PROTOTYPES = YES;
				CLANG_WARN_SUSPICIOUS_MOVE = YES;
				CLANG_WARN_UNGUARDED_AVAILABILITY = YES_AGGRESSIVE;
				CLANG_WARN_UNREACHABLE_CODE = YES;
				CLANG_WARN__DUPLICATE_METHOD_MATCH = YES;
				CODE_SIGN_IDENTITY = "iPhone Developer";
				COPY_PHASE_STRIP = NO;
				DEBUG_INFORMATION_FORMAT = dwarf;
				ENABLE_STRICT_OBJC_MSGSEND = YES;
				ENABLE_TESTABILITY = YES;
				GCC_C_LANGUAGE_STANDARD = gnu11;
				GCC_DYNAMIC_NO_PIC = NO;
				GCC_NO_COMMON_BLOCKS = YES;
				GCC_OPTIMIZATION_LEVEL = 0;
				GCC_PREPROCESSOR_DEFINITIONS = (
					"DEBUG=1",
					"$(inherited)",
				);
				GCC_WARN_64_TO_32_BIT_CONVERSION = YES;
				GCC_WARN_ABOUT_RETURN_TYPE = YES_ERROR;
				GCC_WARN_UNDECLARED_SELECTOR = YES;
				GCC_WARN_UNINITIALIZED_AUTOS = YES_AGGRESSIVE;
				GCC_WARN_UNUSED_FUNCTION = YES;
				GCC_WARN_UNUSED_VARIABLE = YES;
				IPHONEOS_DEPLOYMENT_TARGET = 12.1;
				MTL_ENABLE_DEBUG_INFO = INCLUDE_SOURCE;
				MTL_FAST_MATH = YES;
				ONLY_ACTIVE_ARCH = YES;
				SDKROOT = iphoneos;
				SWIFT_ACTIVE_COMPILATION_CONDITIONS = DEBUG;
				SWIFT_OPTIMIZATION_LEVEL = "-Onone";
			};
			name = Debug;
		};
		432CBE0F220BFB4B0064D2CA /* Release */ = {
			isa = XCBuildConfiguration;
			buildSettings = {
				ALWAYS_SEARCH_USER_PATHS = NO;
				CLANG_ANALYZER_NONNULL = YES;
				CLANG_ANALYZER_NUMBER_OBJECT_CONVERSION = YES_AGGRESSIVE;
				CLANG_CXX_LANGUAGE_STANDARD = "gnu++14";
				CLANG_CXX_LIBRARY = "libc++";
				CLANG_ENABLE_MODULES = YES;
				CLANG_ENABLE_OBJC_ARC = YES;
				CLANG_ENABLE_OBJC_WEAK = YES;
				CLANG_WARN_BLOCK_CAPTURE_AUTORELEASING = YES;
				CLANG_WARN_BOOL_CONVERSION = YES;
				CLANG_WARN_COMMA = YES;
				CLANG_WARN_CONSTANT_CONVERSION = YES;
				CLANG_WARN_DEPRECATED_OBJC_IMPLEMENTATIONS = YES;
				CLANG_WARN_DIRECT_OBJC_ISA_USAGE = YES_ERROR;
				CLANG_WARN_DOCUMENTATION_COMMENTS = YES;
				CLANG_WARN_EMPTY_BODY = YES;
				CLANG_WARN_ENUM_CONVERSION = YES;
				CLANG_WARN_INFINITE_RECURSION = YES;
				CLANG_WARN_INT_CONVERSION = YES;
				CLANG_WARN_NON_LITERAL_NULL_CONVERSION = YES;
				CLANG_WARN_OBJC_IMPLICIT_RETAIN_SELF = YES;
				CLANG_WARN_OBJC_LITERAL_CONVERSION = YES;
				CLANG_WARN_OBJC_ROOT_CLASS = YES_ERROR;
				CLANG_WARN_RANGE_LOOP_ANALYSIS = YES;
				CLANG_WARN_STRICT_PROTOTYPES = YES;
				CLANG_WARN_SUSPICIOUS_MOVE = YES;
				CLANG_WARN_UNGUARDED_AVAILABILITY = YES_AGGRESSIVE;
				CLANG_WARN_UNREACHABLE_CODE = YES;
				CLANG_WARN__DUPLICATE_METHOD_MATCH = YES;
				CODE_SIGN_IDENTITY = "iPhone Developer";
				COPY_PHASE_STRIP = NO;
				DEBUG_INFORMATION_FORMAT = "dwarf-with-dsym";
				ENABLE_NS_ASSERTIONS = NO;
				ENABLE_STRICT_OBJC_MSGSEND = YES;
				GCC_C_LANGUAGE_STANDARD = gnu11;
				GCC_NO_COMMON_BLOCKS = YES;
				GCC_WARN_64_TO_32_BIT_CONVERSION = YES;
				GCC_WARN_ABOUT_RETURN_TYPE = YES_ERROR;
				GCC_WARN_UNDECLARED_SELECTOR = YES;
				GCC_WARN_UNINITIALIZED_AUTOS = YES_AGGRESSIVE;
				GCC_WARN_UNUSED_FUNCTION = YES;
				GCC_WARN_UNUSED_VARIABLE = YES;
				IPHONEOS_DEPLOYMENT_TARGET = 12.1;
				MTL_ENABLE_DEBUG_INFO = NO;
				MTL_FAST_MATH = YES;
				SDKROOT = iphoneos;
				SWIFT_COMPILATION_MODE = wholemodule;
				SWIFT_OPTIMIZATION_LEVEL = "-O";
				VALIDATE_PRODUCT = YES;
			};
			name = Release;
		};
		432CBE11220BFB4B0064D2CA /* Debug */ = {
			isa = XCBuildConfiguration;
			baseConfigurationReference = DE768B09EB0FF5A333FD5B57 /* Pods-trainTimeApp.debug.xcconfig */;
			buildSettings = {
				ASSETCATALOG_COMPILER_APPICON_NAME = AppIcon;
				CODE_SIGN_STYLE = Automatic;
				DEVELOPMENT_TEAM = 98C38BMHGS;
				INFOPLIST_FILE = trainTimeApp/Info.plist;
				LD_RUNPATH_SEARCH_PATHS = (
					"$(inherited)",
					"@executable_path/Frameworks",
				);
				PRODUCT_BUNDLE_IDENTIFIER = com.jaychung.trainTimeApp;
				PRODUCT_NAME = "$(TARGET_NAME)";
				SWIFT_VERSION = 4.2;
				TARGETED_DEVICE_FAMILY = 1;
			};
			name = Debug;
		};
		432CBE12220BFB4B0064D2CA /* Release */ = {
			isa = XCBuildConfiguration;
			baseConfigurationReference = F94A977C95F7FC3480841DC9 /* Pods-trainTimeApp.release.xcconfig */;
			buildSettings = {
				ASSETCATALOG_COMPILER_APPICON_NAME = AppIcon;
				CODE_SIGN_STYLE = Automatic;
				DEVELOPMENT_TEAM = 98C38BMHGS;
				INFOPLIST_FILE = trainTimeApp/Info.plist;
				LD_RUNPATH_SEARCH_PATHS = (
					"$(inherited)",
					"@executable_path/Frameworks",
				);
				PRODUCT_BUNDLE_IDENTIFIER = com.jaychung.trainTimeApp;
				PRODUCT_NAME = "$(TARGET_NAME)";
				SWIFT_VERSION = 4.2;
				TARGETED_DEVICE_FAMILY = 1;
			};
			name = Release;
		};
/* End XCBuildConfiguration section */

/* Begin XCConfigurationList section */
		432CBDF9220BFB480064D2CA /* Build configuration list for PBXProject "trainTimeApp" */ = {
			isa = XCConfigurationList;
			buildConfigurations = (
				432CBE0E220BFB4B0064D2CA /* Debug */,
				432CBE0F220BFB4B0064D2CA /* Release */,
			);
			defaultConfigurationIsVisible = 0;
			defaultConfigurationName = Release;
		};
		432CBE10220BFB4B0064D2CA /* Build configuration list for PBXNativeTarget "trainTimeApp" */ = {
			isa = XCConfigurationList;
			buildConfigurations = (
				432CBE11220BFB4B0064D2CA /* Debug */,
				432CBE12220BFB4B0064D2CA /* Release */,
			);
			defaultConfigurationIsVisible = 0;
			defaultConfigurationName = Release;
		};
/* End XCConfigurationList section */
	};
	rootObject = 432CBDF6220BFB480064D2CA /* Project object */;
}
